// !$*UTF8*$!
{
	archiveVersion = 1;
	classes = {
	};
	objectVersion = 77;
	objects = {

/* Begin PBXContainerItemProxy section */
		278B9ED22DB5C543005AE752 /* PBXContainerItemProxy */ = {
			isa = PBXContainerItemProxy;
			containerPortal = 278B9EBC2DB5C541005AE752 /* Project object */;
			proxyType = 1;
			remoteGlobalIDString = 278B9EC32DB5C541005AE752;
			remoteInfo = "Debugging Lesson 10 Output";
		};
		278B9EDC2DB5C543005AE752 /* PBXContainerItemProxy */ = {
			isa = PBXContainerItemProxy;
			containerPortal = 278B9EBC2DB5C541005AE752 /* Project object */;
			proxyType = 1;
			remoteGlobalIDString = 278B9EC32DB5C541005AE752;
			remoteInfo = "Debugging Lesson 10 Output";
		};
/* End PBXContainerItemProxy section */

/* Begin PBXFileReference section */
		278B9EC42DB5C541005AE752 /* Debugging Lesson 10 Output.app */ = {isa = PBXFileReference; explicitFileType = wrapper.application; includeInIndex = 0; path = "Debugging Lesson 10 Output.app"; sourceTree = BUILT_PRODUCTS_DIR; };
		278B9ED12DB5C543005AE752 /* Debugging Lesson 10 OutputTests.xctest */ = {isa = PBXFileReference; explicitFileType = wrapper.cfbundle; includeInIndex = 0; path = "Debugging Lesson 10 OutputTests.xctest"; sourceTree = BUILT_PRODUCTS_DIR; };
		278B9EDB2DB5C543005AE752 /* Debugging Lesson 10 OutputUITests.xctest */ = {isa = PBXFileReference; explicitFileType = wrapper.cfbundle; includeInIndex = 0; path = "Debugging Lesson 10 OutputUITests.xctest"; sourceTree = BUILT_PRODUCTS_DIR; };
/* End PBXFileReference section */

/* Begin PBXFileSystemSynchronizedRootGroup section */
		278B9EC62DB5C541005AE752 /* Debugging Lesson 10 Output */ = {
			isa = PBXFileSystemSynchronizedRootGroup;
			path = "Debugging Lesson 10 Output";
			sourceTree = "<group>";
		};
		278B9ED42DB5C543005AE752 /* Debugging Lesson 10 OutputTests */ = {
			isa = PBXFileSystemSynchronizedRootGroup;
			path = "Debugging Lesson 10 OutputTests";
			sourceTree = "<group>";
		};
		278B9EDE2DB5C543005AE752 /* Debugging Lesson 10 OutputUITests */ = {
			isa = PBXFileSystemSynchronizedRootGroup;
			path = "Debugging Lesson 10 OutputUITests";
			sourceTree = "<group>";
		};
/* End PBXFileSystemSynchronizedRootGroup section */

/* Begin PBXFrameworksBuildPhase section */
		278B9EC12DB5C541005AE752 /* Frameworks */ = {
			isa = PBXFrameworksBuildPhase;
			buildActionMask = 2147483647;
			files = (
			);
			runOnlyForDeploymentPostprocessing = 0;
		};
		278B9ECE2DB5C543005AE752 /* Frameworks */ = {
			isa = PBXFrameworksBuildPhase;
			buildActionMask = 2147483647;
			files = (
			);
			runOnlyForDeploymentPostprocessing = 0;
		};
		278B9ED82DB5C543005AE752 /* Frameworks */ = {
			isa = PBXFrameworksBuildPhase;
			buildActionMask = 2147483647;
			files = (
			);
			runOnlyForDeploymentPostprocessing = 0;
		};
/* End PBXFrameworksBuildPhase section */

/* Begin PBXGroup section */
		278B9EBB2DB5C541005AE752 = {
			isa = PBXGroup;
			children = (
				278B9EC62DB5C541005AE752 /* Debugging Lesson 10 Output */,
				278B9ED42DB5C543005AE752 /* Debugging Lesson 10 OutputTests */,
				278B9EDE2DB5C543005AE752 /* Debugging Lesson 10 OutputUITests */,
				278B9EC52DB5C541005AE752 /* Products */,
			);
			sourceTree = "<group>";
		};
		278B9EC52DB5C541005AE752 /* Products */ = {
			isa = PBXGroup;
			children = (
				278B9EC42DB5C541005AE752 /* Debugging Lesson 10 Output.app */,
				278B9ED12DB5C543005AE752 /* Debugging Lesson 10 OutputTests.xctest */,
				278B9EDB2DB5C543005AE752 /* Debugging Lesson 10 OutputUITests.xctest */,
			);
			name = Products;
			sourceTree = "<group>";
		};
/* End PBXGroup section */

/* Begin PBXNativeTarget section */
		278B9EC32DB5C541005AE752 /* Debugging Lesson 10 Output */ = {
			isa = PBXNativeTarget;
			buildConfigurationList = 278B9EE52DB5C543005AE752 /* Build configuration list for PBXNativeTarget "Debugging Lesson 10 Output" */;
			buildPhases = (
				278B9EC02DB5C541005AE752 /* Sources */,
				278B9EC12DB5C541005AE752 /* Frameworks */,
				278B9EC22DB5C541005AE752 /* Resources */,
			);
			buildRules = (
			);
			dependencies = (
			);
			fileSystemSynchronizedGroups = (
				278B9EC62DB5C541005AE752 /* Debugging Lesson 10 Output */,
			);
			name = "Debugging Lesson 10 Output";
			packageProductDependencies = (
			);
			productName = "Debugging Lesson 10 Output";
			productReference = 278B9EC42DB5C541005AE752 /* Debugging Lesson 10 Output.app */;
			productType = "com.apple.product-type.application";
		};
		278B9ED02DB5C543005AE752 /* Debugging Lesson 10 OutputTests */ = {
			isa = PBXNativeTarget;
			buildConfigurationList = 278B9EE82DB5C543005AE752 /* Build configuration list for PBXNativeTarget "Debugging Lesson 10 OutputTests" */;
			buildPhases = (
				278B9ECD2DB5C543005AE752 /* Sources */,
				278B9ECE2DB5C543005AE752 /* Frameworks */,
				278B9ECF2DB5C543005AE752 /* Resources */,
			);
			buildRules = (
			);
			dependencies = (
				278B9ED32DB5C543005AE752 /* PBXTargetDependency */,
			);
			fileSystemSynchronizedGroups = (
				278B9ED42DB5C543005AE752 /* Debugging Lesson 10 OutputTests */,
			);
			name = "Debugging Lesson 10 OutputTests";
			packageProductDependencies = (
			);
			productName = "Debugging Lesson 10 OutputTests";
			productReference = 278B9ED12DB5C543005AE752 /* Debugging Lesson 10 OutputTests.xctest */;
			productType = "com.apple.product-type.bundle.unit-test";
		};
		278B9EDA2DB5C543005AE752 /* Debugging Lesson 10 OutputUITests */ = {
			isa = PBXNativeTarget;
			buildConfigurationList = 278B9EEB2DB5C543005AE752 /* Build configuration list for PBXNativeTarget "Debugging Lesson 10 OutputUITests" */;
			buildPhases = (
				278B9ED72DB5C543005AE752 /* Sources */,
				278B9ED82DB5C543005AE752 /* Frameworks */,
				278B9ED92DB5C543005AE752 /* Resources */,
			);
			buildRules = (
			);
			dependencies = (
				278B9EDD2DB5C543005AE752 /* PBXTargetDependency */,
			);
			fileSystemSynchronizedGroups = (
				278B9EDE2DB5C543005AE752 /* Debugging Lesson 10 OutputUITests */,
			);
			name = "Debugging Lesson 10 OutputUITests";
			packageProductDependencies = (
			);
			productName = "Debugging Lesson 10 OutputUITests";
			productReference = 278B9EDB2DB5C543005AE752 /* Debugging Lesson 10 OutputUITests.xctest */;
			productType = "com.apple.product-type.bundle.ui-testing";
		};
/* End PBXNativeTarget section */

/* Begin PBXProject section */
		278B9EBC2DB5C541005AE752 /* Project object */ = {
			isa = PBXProject;
			attributes = {
				BuildIndependentTargetsInParallel = 1;
				LastSwiftUpdateCheck = 1630;
				LastUpgradeCheck = 1630;
				TargetAttributes = {
					278B9EC32DB5C541005AE752 = {
						CreatedOnToolsVersion = 16.3;
					};
					278B9ED02DB5C543005AE752 = {
						CreatedOnToolsVersion = 16.3;
						TestTargetID = 278B9EC32DB5C541005AE752;
					};
					278B9EDA2DB5C543005AE752 = {
						CreatedOnToolsVersion = 16.3;
						TestTargetID = 278B9EC32DB5C541005AE752;
					};
				};
			};
			buildConfigurationList = 278B9EBF2DB5C541005AE752 /* Build configuration list for PBXProject "Debugging Lesson 10 Output" */;
			developmentRegion = en;
			hasScannedForEncodings = 0;
			knownRegions = (
				en,
				Base,
			);
			mainGroup = 278B9EBB2DB5C541005AE752;
			minimizedProjectReferenceProxies = 1;
			preferredProjectObjectVersion = 77;
			productRefGroup = 278B9EC52DB5C541005AE752 /* Products */;
			projectDirPath = "";
			projectRoot = "";
			targets = (
				278B9EC32DB5C541005AE752 /* Debugging Lesson 10 Output */,
				278B9ED02DB5C543005AE752 /* Debugging Lesson 10 OutputTests */,
				278B9EDA2DB5C543005AE752 /* Debugging Lesson 10 OutputUITests */,
			);
		};
/* End PBXProject section */

/* Begin PBXResourcesBuildPhase section */
		278B9EC22DB5C541005AE752 /* Resources */ = {
			isa = PBXResourcesBuildPhase;
			buildActionMask = 2147483647;
			files = (
			);
			runOnlyForDeploymentPostprocessing = 0;
		};
		278B9ECF2DB5C543005AE752 /* Resources */ = {
			isa = PBXResourcesBuildPhase;
			buildActionMask = 2147483647;
			files = (
			);
			runOnlyForDeploymentPostprocessing = 0;
		};
		278B9ED92DB5C543005AE752 /* Resources */ = {
			isa = PBXResourcesBuildPhase;
			buildActionMask = 2147483647;
			files = (
			);
			runOnlyForDeploymentPostprocessing = 0;
		};
/* End PBXResourcesBuildPhase section */

/* Begin PBXSourcesBuildPhase section */
		278B9EC02DB5C541005AE752 /* Sources */ = {
			isa = PBXSourcesBuildPhase;
			buildActionMask = 2147483647;
			files = (
			);
			runOnlyForDeploymentPostprocessing = 0;
		};
		278B9ECD2DB5C543005AE752 /* Sources */ = {
			isa = PBXSourcesBuildPhase;
			buildActionMask = 2147483647;
			files = (
			);
			runOnlyForDeploymentPostprocessing = 0;
		};
		278B9ED72DB5C543005AE752 /* Sources */ = {
			isa = PBXSourcesBuildPhase;
			buildActionMask = 2147483647;
			files = (
			);
			runOnlyForDeploymentPostprocessing = 0;
		};
/* End PBXSourcesBuildPhase section */

/* Begin PBXTargetDependency section */
		278B9ED32DB5C543005AE752 /* PBXTargetDependency */ = {
			isa = PBXTargetDependency;
			target = 278B9EC32DB5C541005AE752 /* Debugging Lesson 10 Output */;
			targetProxy = 278B9ED22DB5C543005AE752 /* PBXContainerItemProxy */;
		};
		278B9EDD2DB5C543005AE752 /* PBXTargetDependency */ = {
			isa = PBXTargetDependency;
			target = 278B9EC32DB5C541005AE752 /* Debugging Lesson 10 Output */;
			targetProxy = 278B9EDC2DB5C543005AE752 /* PBXContainerItemProxy */;
		};
/* End PBXTargetDependency section */

/* Begin XCBuildConfiguration section */
		278B9EE32DB5C543005AE752 /* Debug */ = {
			isa = XCBuildConfiguration;
			buildSettings = {
				ALWAYS_SEARCH_USER_PATHS = NO;
				ASSETCATALOG_COMPILER_GENERATE_SWIFT_ASSET_SYMBOL_EXTENSIONS = YES;
				CLANG_ANALYZER_NONNULL = YES;
				CLANG_ANALYZER_NUMBER_OBJECT_CONVERSION = YES_AGGRESSIVE;
				CLANG_CXX_LANGUAGE_STANDARD = "gnu++20";
				CLANG_ENABLE_MODULES = YES;
				CLANG_ENABLE_OBJC_ARC = YES;
				CLANG_ENABLE_OBJC_WEAK = YES;
				CLANG_WARN_BLOCK_CAPTURE_AUTORELEASING = YES;
				CLANG_WARN_BOOL_CONVERSION = YES;
				CLANG_WARN_COMMA = YES;
				CLANG_WARN_CONSTANT_CONVERSION = YES;
				CLANG_WARN_DEPRECATED_OBJC_IMPLEMENTATIONS = YES;
				CLANG_WARN_DIRECT_OBJC_ISA_USAGE = YES_ERROR;
				CLANG_WARN_DOCUMENTATION_COMMENTS = YES;
				CLANG_WARN_EMPTY_BODY = YES;
				CLANG_WARN_ENUM_CONVERSION = YES;
				CLANG_WARN_INFINITE_RECURSION = YES;
				CLANG_WARN_INT_CONVERSION = YES;
				CLANG_WARN_NON_LITERAL_NULL_CONVERSION = YES;
				CLANG_WARN_OBJC_IMPLICIT_RETAIN_SELF = YES;
				CLANG_WARN_OBJC_LITERAL_CONVERSION = YES;
				CLANG_WARN_OBJC_ROOT_CLASS = YES_ERROR;
				CLANG_WARN_QUOTED_INCLUDE_IN_FRAMEWORK_HEADER = YES;
				CLANG_WARN_RANGE_LOOP_ANALYSIS = YES;
				CLANG_WARN_STRICT_PROTOTYPES = YES;
				CLANG_WARN_SUSPICIOUS_MOVE = YES;
				CLANG_WARN_UNGUARDED_AVAILABILITY = YES_AGGRESSIVE;
				CLANG_WARN_UNREACHABLE_CODE = YES;
				CLANG_WARN__DUPLICATE_METHOD_MATCH = YES;
				COPY_PHASE_STRIP = NO;
				DEBUG_INFORMATION_FORMAT = dwarf;
				ENABLE_STRICT_OBJC_MSGSEND = YES;
				ENABLE_TESTABILITY = YES;
				ENABLE_USER_SCRIPT_SANDBOXING = YES;
				GCC_C_LANGUAGE_STANDARD = gnu17;
				GCC_DYNAMIC_NO_PIC = NO;
				GCC_NO_COMMON_BLOCKS = YES;
				GCC_OPTIMIZATION_LEVEL = 0;
				GCC_PREPROCESSOR_DEFINITIONS = (
					"DEBUG=1",
					"$(inherited)",
				);
				GCC_WARN_64_TO_32_BIT_CONVERSION = YES;
				GCC_WARN_ABOUT_RETURN_TYPE = YES_ERROR;
				GCC_WARN_UNDECLARED_SELECTOR = YES;
				GCC_WARN_UNINITIALIZED_AUTOS = YES_AGGRESSIVE;
				GCC_WARN_UNUSED_FUNCTION = YES;
				GCC_WARN_UNUSED_VARIABLE = YES;
				IPHONEOS_DEPLOYMENT_TARGET = 18.4;
				LOCALIZATION_PREFERS_STRING_CATALOGS = YES;
				MTL_ENABLE_DEBUG_INFO = INCLUDE_SOURCE;
				MTL_FAST_MATH = YES;
				ONLY_ACTIVE_ARCH = YES;
				SDKROOT = iphoneos;
				SWIFT_ACTIVE_COMPILATION_CONDITIONS = "DEBUG $(inherited)";
				SWIFT_OPTIMIZATION_LEVEL = "-Onone";
			};
			name = Debug;
		};
		278B9EE42DB5C543005AE752 /* Release */ = {
			isa = XCBuildConfiguration;
			buildSettings = {
				ALWAYS_SEARCH_USER_PATHS = NO;
				ASSETCATALOG_COMPILER_GENERATE_SWIFT_ASSET_SYMBOL_EXTENSIONS = YES;
				CLANG_ANALYZER_NONNULL = YES;
				CLANG_ANALYZER_NUMBER_OBJECT_CONVERSION = YES_AGGRESSIVE;
				CLANG_CXX_LANGUAGE_STANDARD = "gnu++20";
				CLANG_ENABLE_MODULES = YES;
				CLANG_ENABLE_OBJC_ARC = YES;
				CLANG_ENABLE_OBJC_WEAK = YES;
				CLANG_WARN_BLOCK_CAPTURE_AUTORELEASING = YES;
				CLANG_WARN_BOOL_CONVERSION = YES;
				CLANG_WARN_COMMA = YES;
				CLANG_WARN_CONSTANT_CONVERSION = YES;
				CLANG_WARN_DEPRECATED_OBJC_IMPLEMENTATIONS = YES;
				CLANG_WARN_DIRECT_OBJC_ISA_USAGE = YES_ERROR;
				CLANG_WARN_DOCUMENTATION_COMMENTS = YES;
				CLANG_WARN_EMPTY_BODY = YES;
				CLANG_WARN_ENUM_CONVERSION = YES;
				CLANG_WARN_INFINITE_RECURSION = YES;
				CLANG_WARN_INT_CONVERSION = YES;
				CLANG_WARN_NON_LITERAL_NULL_CONVERSION = YES;
				CLANG_WARN_OBJC_IMPLICIT_RETAIN_SELF = YES;
				CLANG_WARN_OBJC_LITERAL_CONVERSION = YES;
				CLANG_WARN_OBJC_ROOT_CLASS = YES_ERROR;
				CLANG_WARN_QUOTED_INCLUDE_IN_FRAMEWORK_HEADER = YES;
				CLANG_WARN_RANGE_LOOP_ANALYSIS = YES;
				CLANG_WARN_STRICT_PROTOTYPES = YES;
				CLANG_WARN_SUSPICIOUS_MOVE = YES;
				CLANG_WARN_UNGUARDED_AVAILABILITY = YES_AGGRESSIVE;
				CLANG_WARN_UNREACHABLE_CODE = YES;
				CLANG_WARN__DUPLICATE_METHOD_MATCH = YES;
				COPY_PHASE_STRIP = NO;
				DEBUG_INFORMATION_FORMAT = "dwarf-with-dsym";
				ENABLE_NS_ASSERTIONS = NO;
				ENABLE_STRICT_OBJC_MSGSEND = YES;
				ENABLE_USER_SCRIPT_SANDBOXING = YES;
				GCC_C_LANGUAGE_STANDARD = gnu17;
				GCC_NO_COMMON_BLOCKS = YES;
				GCC_WARN_64_TO_32_BIT_CONVERSION = YES;
				GCC_WARN_ABOUT_RETURN_TYPE = YES_ERROR;
				GCC_WARN_UNDECLARED_SELECTOR = YES;
				GCC_WARN_UNINITIALIZED_AUTOS = YES_AGGRESSIVE;
				GCC_WARN_UNUSED_FUNCTION = YES;
				GCC_WARN_UNUSED_VARIABLE = YES;
				IPHONEOS_DEPLOYMENT_TARGET = 18.4;
				LOCALIZATION_PREFERS_STRING_CATALOGS = YES;
				MTL_ENABLE_DEBUG_INFO = NO;
				MTL_FAST_MATH = YES;
				SDKROOT = iphoneos;
				SWIFT_COMPILATION_MODE = wholemodule;
				VALIDATE_PRODUCT = YES;
			};
			name = Release;
		};
		278B9EE62DB5C543005AE752 /* Debug */ = {
			isa = XCBuildConfiguration;
			buildSettings = {
				ASSETCATALOG_COMPILER_APPICON_NAME = AppIcon;
				ASSETCATALOG_COMPILER_GLOBAL_ACCENT_COLOR_NAME = AccentColor;
				CODE_SIGN_STYLE = Automatic;
				CURRENT_PROJECT_VERSION = 1;
				ENABLE_PREVIEWS = YES;
				GENERATE_INFOPLIST_FILE = YES;
				INFOPLIST_KEY_UIApplicationSceneManifest_Generation = YES;
				INFOPLIST_KEY_UIApplicationSupportsIndirectInputEvents = YES;
				INFOPLIST_KEY_UILaunchScreen_Generation = YES;
				INFOPLIST_KEY_UISupportedInterfaceOrientations_iPad = "UIInterfaceOrientationPortrait UIInterfaceOrientationPortraitUpsideDown UIInterfaceOrientationLandscapeLeft UIInterfaceOrientationLandscapeRight";
				INFOPLIST_KEY_UISupportedInterfaceOrientations_iPhone = "UIInterfaceOrientationPortrait UIInterfaceOrientationLandscapeLeft UIInterfaceOrientationLandscapeRight";
				LD_RUNPATH_SEARCH_PATHS = (
					"$(inherited)",
					"@executable_path/Frameworks",
				);
				MARKETING_VERSION = 1.0;
				PRODUCT_BUNDLE_IDENTIFIER = "KWK.Debugging-Lesson-10-Output";
				PRODUCT_NAME = "$(TARGET_NAME)";
				SWIFT_EMIT_LOC_STRINGS = YES;
				SWIFT_VERSION = 5.0;
				TARGETED_DEVICE_FAMILY = "1,2";
			};
			name = Debug;
		};
		278B9EE72DB5C543005AE752 /* Release */ = {
			isa = XCBuildConfiguration;
			buildSettings = {
				ASSETCATALOG_COMPILER_APPICON_NAME = AppIcon;
				ASSETCATALOG_COMPILER_GLOBAL_ACCENT_COLOR_NAME = AccentColor;
				CODE_SIGN_STYLE = Automatic;
				CURRENT_PROJECT_VERSION = 1;
				ENABLE_PREVIEWS = YES;
				GENERATE_INFOPLIST_FILE = YES;
				INFOPLIST_KEY_UIApplicationSceneManifest_Generation = YES;
				INFOPLIST_KEY_UIApplicationSupportsIndirectInputEvents = YES;
				INFOPLIST_KEY_UILaunchScreen_Generation = YES;
				INFOPLIST_KEY_UISupportedInterfaceOrientations_iPad = "UIInterfaceOrientationPortrait UIInterfaceOrientationPortraitUpsideDown UIInterfaceOrientationLandscapeLeft UIInterfaceOrientationLandscapeRight";
				INFOPLIST_KEY_UISupportedInterfaceOrientations_iPhone = "UIInterfaceOrientationPortrait UIInterfaceOrientationLandscapeLeft UIInterfaceOrientationLandscapeRight";
				LD_RUNPATH_SEARCH_PATHS = (
					"$(inherited)",
					"@executable_path/Frameworks",
				);
				MARKETING_VERSION = 1.0;
				PRODUCT_BUNDLE_IDENTIFIER = "KWK.Debugging-Lesson-10-Output";
				PRODUCT_NAME = "$(TARGET_NAME)";
				SWIFT_EMIT_LOC_STRINGS = YES;
				SWIFT_VERSION = 5.0;
				TARGETED_DEVICE_FAMILY = "1,2";
			};
			name = Release;
		};
		278B9EE92DB5C543005AE752 /* Debug */ = {
			isa = XCBuildConfiguration;
			buildSettings = {
				BUNDLE_LOADER = "$(TEST_HOST)";
				CODE_SIGN_STYLE = Automatic;
				CURRENT_PROJECT_VERSION = 1;
				GENERATE_INFOPLIST_FILE = YES;
				IPHONEOS_DEPLOYMENT_TARGET = 18.4;
				MARKETING_VERSION = 1.0;
				PRODUCT_BUNDLE_IDENTIFIER = "KWK.Debugging-Lesson-10-OutputTests";
				PRODUCT_NAME = "$(TARGET_NAME)";
				SWIFT_EMIT_LOC_STRINGS = NO;
				SWIFT_VERSION = 5.0;
				TARGETED_DEVICE_FAMILY = "1,2";
				TEST_HOST = "$(BUILT_PRODUCTS_DIR)/Debugging Lesson 10 Output.app/$(BUNDLE_EXECUTABLE_FOLDER_PATH)/Debugging Lesson 10 Output";
			};
			name = Debug;
		};
		278B9EEA2DB5C543005AE752 /* Release */ = {
			isa = XCBuildConfiguration;
			buildSettings = {
				BUNDLE_LOADER = "$(TEST_HOST)";
				CODE_SIGN_STYLE = Automatic;
				CURRENT_PROJECT_VERSION = 1;
				GENERATE_INFOPLIST_FILE = YES;
				IPHONEOS_DEPLOYMENT_TARGET = 18.4;
				MARKETING_VERSION = 1.0;
				PRODUCT_BUNDLE_IDENTIFIER = "KWK.Debugging-Lesson-10-OutputTests";
				PRODUCT_NAME = "$(TARGET_NAME)";
				SWIFT_EMIT_LOC_STRINGS = NO;
				SWIFT_VERSION = 5.0;
				TARGETED_DEVICE_FAMILY = "1,2";
				TEST_HOST = "$(BUILT_PRODUCTS_DIR)/Debugging Lesson 10 Output.app/$(BUNDLE_EXECUTABLE_FOLDER_PATH)/Debugging Lesson 10 Output";
			};
			name = Release;
		};
		278B9EEC2DB5C543005AE752 /* Debug */ = {
			isa = XCBuildConfiguration;
			buildSettings = {
				CODE_SIGN_STYLE = Automatic;
				CURRENT_PROJECT_VERSION = 1;
				GENERATE_INFOPLIST_FILE = YES;
				MARKETING_VERSION = 1.0;
				PRODUCT_BUNDLE_IDENTIFIER = "KWK.Debugging-Lesson-10-OutputUITests";
				PRODUCT_NAME = "$(TARGET_NAME)";
				SWIFT_EMIT_LOC_STRINGS = NO;
				SWIFT_VERSION = 5.0;
				TARGETED_DEVICE_FAMILY = "1,2";
				TEST_TARGET_NAME = "Debugging Lesson 10 Output";
			};
			name = Debug;
		};
		278B9EED2DB5C543005AE752 /* Release */ = {
			isa = XCBuildConfiguration;
			buildSettings = {
				CODE_SIGN_STYLE = Automatic;
				CURRENT_PROJECT_VERSION = 1;
				GENERATE_INFOPLIST_FILE = YES;
				MARKETING_VERSION = 1.0;
				PRODUCT_BUNDLE_IDENTIFIER = "KWK.Debugging-Lesson-10-OutputUITests";
				PRODUCT_NAME = "$(TARGET_NAME)";
				SWIFT_EMIT_LOC_STRINGS = NO;
				SWIFT_VERSION = 5.0;
				TARGETED_DEVICE_FAMILY = "1,2";
				TEST_TARGET_NAME = "Debugging Lesson 10 Output";
			};
			name = Release;
		};
/* End XCBuildConfiguration section */

/* Begin XCConfigurationList section */
		278B9EBF2DB5C541005AE752 /* Build configuration list for PBXProject "Debugging Lesson 10 Output" */ = {
			isa = XCConfigurationList;
			buildConfigurations = (
				278B9EE32DB5C543005AE752 /* Debug */,
				278B9EE42DB5C543005AE752 /* Release */,
			);
			defaultConfigurationIsVisible = 0;
			defaultConfigurationName = Release;
		};
		278B9EE52DB5C543005AE752 /* Build configuration list for PBXNativeTarget "Debugging Lesson 10 Output" */ = {
			isa = XCConfigurationList;
			buildConfigurations = (
				278B9EE62DB5C543005AE752 /* Debug */,
				278B9EE72DB5C543005AE752 /* Release */,
			);
			defaultConfigurationIsVisible = 0;
			defaultConfigurationName = Release;
		};
		278B9EE82DB5C543005AE752 /* Build configuration list for PBXNativeTarget "Debugging Lesson 10 OutputTests" */ = {
			isa = XCConfigurationList;
			buildConfigurations = (
				278B9EE92DB5C543005AE752 /* Debug */,
				278B9EEA2DB5C543005AE752 /* Release */,
			);
			defaultConfigurationIsVisible = 0;
			defaultConfigurationName = Release;
		};
		278B9EEB2DB5C543005AE752 /* Build configuration list for PBXNativeTarget "Debugging Lesson 10 OutputUITests" */ = {
			isa = XCConfigurationList;
			buildConfigurations = (
				278B9EEC2DB5C543005AE752 /* Debug */,
				278B9EED2DB5C543005AE752 /* Release */,
			);
			defaultConfigurationIsVisible = 0;
			defaultConfigurationName = Release;
		};
/* End XCConfigurationList section */
	};
	rootObject = 278B9EBC2DB5C541005AE752 /* Project object */;
}
